// !$*UTF8*$!
{
	archiveVersion = 1;
	classes = {
	};
	objectVersion = 46;
	objects = {

/* Begin PBXBuildFile section */
		3EBAEB3B18D4ABFB00B3C9F1 /* Foundation.framework in Frameworks */ = {isa = PBXBuildFile; fileRef = 3EBAEB3A18D4ABFB00B3C9F1 /* Foundation.framework */; };
		3EBAEB3D18D4ABFB00B3C9F1 /* CoreGraphics.framework in Frameworks */ = {isa = PBXBuildFile; fileRef = 3EBAEB3C18D4ABFB00B3C9F1 /* CoreGraphics.framework */; };
		3EBAEB3F18D4ABFB00B3C9F1 /* UIKit.framework in Frameworks */ = {isa = PBXBuildFile; fileRef = 3EBAEB3E18D4ABFB00B3C9F1 /* UIKit.framework */; };
		3EBAEB4518D4ABFB00B3C9F1 /* InfoPlist.strings in Resources */ = {isa = PBXBuildFile; fileRef = 3EBAEB4318D4ABFB00B3C9F1 /* InfoPlist.strings */; };
		3EBAEB4718D4ABFB00B3C9F1 /* main.m in Sources */ = {isa = PBXBuildFile; fileRef = 3EBAEB4618D4ABFB00B3C9F1 /* main.m */; };
		3EBAEB4B18D4ABFB00B3C9F1 /* AppDelegate.m in Sources */ = {isa = PBXBuildFile; fileRef = 3EBAEB4A18D4ABFB00B3C9F1 /* AppDelegate.m */; };
		3EBAEB4E18D4ABFB00B3C9F1 /* Main.storyboard in Resources */ = {isa = PBXBuildFile; fileRef = 3EBAEB4C18D4ABFB00B3C9F1 /* Main.storyboard */; };
		3EBAEB5118D4ABFB00B3C9F1 /* ViewController.m in Sources */ = {isa = PBXBuildFile; fileRef = 3EBAEB5018D4ABFB00B3C9F1 /* ViewController.m */; };
		3EBAEB5318D4ABFB00B3C9F1 /* Images.xcassets in Resources */ = {isa = PBXBuildFile; fileRef = 3EBAEB5218D4ABFB00B3C9F1 /* Images.xcassets */; };
		3EBAEB5A18D4ABFB00B3C9F1 /* XCTest.framework in Frameworks */ = {isa = PBXBuildFile; fileRef = 3EBAEB5918D4ABFB00B3C9F1 /* XCTest.framework */; };
		3EBAEB5B18D4ABFB00B3C9F1 /* Foundation.framework in Frameworks */ = {isa = PBXBuildFile; fileRef = 3EBAEB3A18D4ABFB00B3C9F1 /* Foundation.framework */; };
		3EBAEB5C18D4ABFB00B3C9F1 /* UIKit.framework in Frameworks */ = {isa = PBXBuildFile; fileRef = 3EBAEB3E18D4ABFB00B3C9F1 /* UIKit.framework */; };
		3EBAEB6418D4ABFB00B3C9F1 /* InfoPlist.strings in Resources */ = {isa = PBXBuildFile; fileRef = 3EBAEB6218D4ABFB00B3C9F1 /* InfoPlist.strings */; };
		3EBAEB6618D4ABFB00B3C9F1 /* RestFullClientTests.m in Sources */ = {isa = PBXBuildFile; fileRef = 3EBAEB6518D4ABFB00B3C9F1 /* RestFullClientTests.m */; };
		3EBAEB7118D4ACB300B3C9F1 /* RegistrationViewController.m in Sources */ = {isa = PBXBuildFile; fileRef = 3EBAEB7018D4ACB300B3C9F1 /* RegistrationViewController.m */; };
		3EBAEB7418D4ACEB00B3C9F1 /* UserHomeViewController.m in Sources */ = {isa = PBXBuildFile; fileRef = 3EBAEB7318D4ACEB00B3C9F1 /* UserHomeViewController.m */; };
		3EBAEB7718D4B38B00B3C9F1 /* EditProfileViewController.m in Sources */ = {isa = PBXBuildFile; fileRef = 3EBAEB7618D4B38B00B3C9F1 /* EditProfileViewController.m */; };
		3EBAEB7A18D58C7E00B3C9F1 /* ProfileData.m in Sources */ = {isa = PBXBuildFile; fileRef = 3EBAEB7918D58C7E00B3C9F1 /* ProfileData.m */; };
		3EBAEB7D18D58F4C00B3C9F1 /* ProfileDataSource.m in Sources */ = {isa = PBXBuildFile; fileRef = 3EBAEB7C18D58F4C00B3C9F1 /* ProfileDataSource.m */; };
		3EBAEB8018D5957D00B3C9F1 /* HTTPClient.m in Sources */ = {isa = PBXBuildFile; fileRef = 3EBAEB7F18D5957D00B3C9F1 /* HTTPClient.m */; };
		3EBAEB8A18D5CC2200B3C9F1 /* ProfileDataJSONParser.m in Sources */ = {isa = PBXBuildFile; fileRef = 3EBAEB8918D5CC2200B3C9F1 /* ProfileDataJSONParser.m */; };
/* End PBXBuildFile section */

/* Begin PBXContainerItemProxy section */
		3EBAEB5D18D4ABFB00B3C9F1 /* PBXContainerItemProxy */ = {
			isa = PBXContainerItemProxy;
			containerPortal = 3EBAEB2F18D4ABFB00B3C9F1 /* Project object */;
			proxyType = 1;
			remoteGlobalIDString = 3EBAEB3618D4ABFB00B3C9F1;
			remoteInfo = RestFullClient;
		};
/* End PBXContainerItemProxy section */

/* Begin PBXFileReference section */
		3EBAEB3718D4ABFB00B3C9F1 /* RestFullClient.app */ = {isa = PBXFileReference; explicitFileType = wrapper.application; includeInIndex = 0; path = RestFullClient.app; sourceTree = BUILT_PRODUCTS_DIR; };
		3EBAEB3A18D4ABFB00B3C9F1 /* Foundation.framework */ = {isa = PBXFileReference; lastKnownFileType = wrapper.framework; name = Foundation.framework; path = System/Library/Frameworks/Foundation.framework; sourceTree = SDKROOT; };
		3EBAEB3C18D4ABFB00B3C9F1 /* CoreGraphics.framework */ = {isa = PBXFileReference; lastKnownFileType = wrapper.framework; name = CoreGraphics.framework; path = System/Library/Frameworks/CoreGraphics.framework; sourceTree = SDKROOT; };
		3EBAEB3E18D4ABFB00B3C9F1 /* UIKit.framework */ = {isa = PBXFileReference; lastKnownFileType = wrapper.framework; name = UIKit.framework; path = System/Library/Frameworks/UIKit.framework; sourceTree = SDKROOT; };
		3EBAEB4218D4ABFB00B3C9F1 /* RestFullClient-Info.plist */ = {isa = PBXFileReference; lastKnownFileType = text.plist.xml; path = "RestFullClient-Info.plist"; sourceTree = "<group>"; };
		3EBAEB4418D4ABFB00B3C9F1 /* en */ = {isa = PBXFileReference; lastKnownFileType = text.plist.strings; name = en; path = en.lproj/InfoPlist.strings; sourceTree = "<group>"; };
		3EBAEB4618D4ABFB00B3C9F1 /* main.m */ = {isa = PBXFileReference; lastKnownFileType = sourcecode.c.objc; path = main.m; sourceTree = "<group>"; };
		3EBAEB4818D4ABFB00B3C9F1 /* RestFullClient-Prefix.pch */ = {isa = PBXFileReference; lastKnownFileType = sourcecode.c.h; path = "RestFullClient-Prefix.pch"; sourceTree = "<group>"; };
		3EBAEB4918D4ABFB00B3C9F1 /* AppDelegate.h */ = {isa = PBXFileReference; lastKnownFileType = sourcecode.c.h; path = AppDelegate.h; sourceTree = "<group>"; };
		3EBAEB4A18D4ABFB00B3C9F1 /* AppDelegate.m */ = {isa = PBXFileReference; lastKnownFileType = sourcecode.c.objc; path = AppDelegate.m; sourceTree = "<group>"; };
		3EBAEB4D18D4ABFB00B3C9F1 /* Base */ = {isa = PBXFileReference; lastKnownFileType = file.storyboard; name = Base; path = Base.lproj/Main.storyboard; sourceTree = "<group>"; };
		3EBAEB4F18D4ABFB00B3C9F1 /* ViewController.h */ = {isa = PBXFileReference; lastKnownFileType = sourcecode.c.h; path = ViewController.h; sourceTree = "<group>"; };
		3EBAEB5018D4ABFB00B3C9F1 /* ViewController.m */ = {isa = PBXFileReference; lastKnownFileType = sourcecode.c.objc; path = ViewController.m; sourceTree = "<group>"; };
		3EBAEB5218D4ABFB00B3C9F1 /* Images.xcassets */ = {isa = PBXFileReference; lastKnownFileType = folder.assetcatalog; path = Images.xcassets; sourceTree = "<group>"; };
		3EBAEB5818D4ABFB00B3C9F1 /* RestFullClientTests.xctest */ = {isa = PBXFileReference; explicitFileType = wrapper.cfbundle; includeInIndex = 0; path = RestFullClientTests.xctest; sourceTree = BUILT_PRODUCTS_DIR; };
		3EBAEB5918D4ABFB00B3C9F1 /* XCTest.framework */ = {isa = PBXFileReference; lastKnownFileType = wrapper.framework; name = XCTest.framework; path = Library/Frameworks/XCTest.framework; sourceTree = DEVELOPER_DIR; };
		3EBAEB6118D4ABFB00B3C9F1 /* RestFullClientTests-Info.plist */ = {isa = PBXFileReference; lastKnownFileType = text.plist.xml; path = "RestFullClientTests-Info.plist"; sourceTree = "<group>"; };
		3EBAEB6318D4ABFB00B3C9F1 /* en */ = {isa = PBXFileReference; lastKnownFileType = text.plist.strings; name = en; path = en.lproj/InfoPlist.strings; sourceTree = "<group>"; };
		3EBAEB6518D4ABFB00B3C9F1 /* RestFullClientTests.m */ = {isa = PBXFileReference; lastKnownFileType = sourcecode.c.objc; path = RestFullClientTests.m; sourceTree = "<group>"; };
		3EBAEB6F18D4ACB300B3C9F1 /* RegistrationViewController.h */ = {isa = PBXFileReference; fileEncoding = 4; lastKnownFileType = sourcecode.c.h; path = RegistrationViewController.h; sourceTree = "<group>"; };
		3EBAEB7018D4ACB300B3C9F1 /* RegistrationViewController.m */ = {isa = PBXFileReference; fileEncoding = 4; lastKnownFileType = sourcecode.c.objc; path = RegistrationViewController.m; sourceTree = "<group>"; };
		3EBAEB7218D4ACEB00B3C9F1 /* UserHomeViewController.h */ = {isa = PBXFileReference; fileEncoding = 4; lastKnownFileType = sourcecode.c.h; path = UserHomeViewController.h; sourceTree = "<group>"; };
		3EBAEB7318D4ACEB00B3C9F1 /* UserHomeViewController.m */ = {isa = PBXFileReference; fileEncoding = 4; lastKnownFileType = sourcecode.c.objc; path = UserHomeViewController.m; sourceTree = "<group>"; };
		3EBAEB7518D4B38B00B3C9F1 /* EditProfileViewController.h */ = {isa = PBXFileReference; fileEncoding = 4; lastKnownFileType = sourcecode.c.h; path = EditProfileViewController.h; sourceTree = "<group>"; };
		3EBAEB7618D4B38B00B3C9F1 /* EditProfileViewController.m */ = {isa = PBXFileReference; fileEncoding = 4; lastKnownFileType = sourcecode.c.objc; path = EditProfileViewController.m; sourceTree = "<group>"; };
		3EBAEB7818D58C7E00B3C9F1 /* ProfileData.h */ = {isa = PBXFileReference; fileEncoding = 4; lastKnownFileType = sourcecode.c.h; path = ProfileData.h; sourceTree = "<group>"; };
		3EBAEB7918D58C7E00B3C9F1 /* ProfileData.m */ = {isa = PBXFileReference; fileEncoding = 4; lastKnownFileType = sourcecode.c.objc; path = ProfileData.m; sourceTree = "<group>"; };
		3EBAEB7B18D58F4C00B3C9F1 /* ProfileDataSource.h */ = {isa = PBXFileReference; fileEncoding = 4; lastKnownFileType = sourcecode.c.h; path = ProfileDataSource.h; sourceTree = "<group>"; };
		3EBAEB7C18D58F4C00B3C9F1 /* ProfileDataSource.m */ = {isa = PBXFileReference; fileEncoding = 4; lastKnownFileType = sourcecode.c.objc; path = ProfileDataSource.m; sourceTree = "<group>"; };
		3EBAEB7E18D5957D00B3C9F1 /* HTTPClient.h */ = {isa = PBXFileReference; fileEncoding = 4; lastKnownFileType = sourcecode.c.h; path = HTTPClient.h; sourceTree = "<group>"; };
		3EBAEB7F18D5957D00B3C9F1 /* HTTPClient.m */ = {isa = PBXFileReference; fileEncoding = 4; lastKnownFileType = sourcecode.c.objc; path = HTTPClient.m; sourceTree = "<group>"; };
		3EBAEB8418D5B49D00B3C9F1 /* ProfileDataSourceProtocol.h */ = {isa = PBXFileReference; lastKnownFileType = sourcecode.c.h; path = ProfileDataSourceProtocol.h; sourceTree = "<group>"; };
		3EBAEB8818D5CC2200B3C9F1 /* ProfileDataJSONParser.h */ = {isa = PBXFileReference; fileEncoding = 4; lastKnownFileType = sourcecode.c.h; path = ProfileDataJSONParser.h; sourceTree = "<group>"; };
		3EBAEB8918D5CC2200B3C9F1 /* ProfileDataJSONParser.m */ = {isa = PBXFileReference; fileEncoding = 4; lastKnownFileType = sourcecode.c.objc; path = ProfileDataJSONParser.m; sourceTree = "<group>"; };
/* End PBXFileReference section */

/* Begin PBXFrameworksBuildPhase section */
		3EBAEB3418D4ABFB00B3C9F1 /* Frameworks */ = {
			isa = PBXFrameworksBuildPhase;
			buildActionMask = 2147483647;
			files = (
				3EBAEB3D18D4ABFB00B3C9F1 /* CoreGraphics.framework in Frameworks */,
				3EBAEB3F18D4ABFB00B3C9F1 /* UIKit.framework in Frameworks */,
				3EBAEB3B18D4ABFB00B3C9F1 /* Foundation.framework in Frameworks */,
			);
			runOnlyForDeploymentPostprocessing = 0;
		};
		3EBAEB5518D4ABFB00B3C9F1 /* Frameworks */ = {
			isa = PBXFrameworksBuildPhase;
			buildActionMask = 2147483647;
			files = (
				3EBAEB5A18D4ABFB00B3C9F1 /* XCTest.framework in Frameworks */,
				3EBAEB5C18D4ABFB00B3C9F1 /* UIKit.framework in Frameworks */,
				3EBAEB5B18D4ABFB00B3C9F1 /* Foundation.framework in Frameworks */,
			);
			runOnlyForDeploymentPostprocessing = 0;
		};
/* End PBXFrameworksBuildPhase section */

/* Begin PBXGroup section */
		3EBAEB2E18D4ABFB00B3C9F1 = {
			isa = PBXGroup;
			children = (
				3EBAEB4018D4ABFB00B3C9F1 /* RestFullClient */,
				3EBAEB5F18D4ABFB00B3C9F1 /* RestFullClientTests */,
				3EBAEB3918D4ABFB00B3C9F1 /* Frameworks */,
				3EBAEB3818D4ABFB00B3C9F1 /* Products */,
			);
			sourceTree = "<group>";
		};
		3EBAEB3818D4ABFB00B3C9F1 /* Products */ = {
			isa = PBXGroup;
			children = (
				3EBAEB3718D4ABFB00B3C9F1 /* RestFullClient.app */,
				3EBAEB5818D4ABFB00B3C9F1 /* RestFullClientTests.xctest */,
			);
			name = Products;
			sourceTree = "<group>";
		};
		3EBAEB3918D4ABFB00B3C9F1 /* Frameworks */ = {
			isa = PBXGroup;
			children = (
				3EBAEB3A18D4ABFB00B3C9F1 /* Foundation.framework */,
				3EBAEB3C18D4ABFB00B3C9F1 /* CoreGraphics.framework */,
				3EBAEB3E18D4ABFB00B3C9F1 /* UIKit.framework */,
				3EBAEB5918D4ABFB00B3C9F1 /* XCTest.framework */,
			);
			name = Frameworks;
			sourceTree = "<group>";
		};
		3EBAEB4018D4ABFB00B3C9F1 /* RestFullClient */ = {
			isa = PBXGroup;
			children = (
				3EBAEB4118D4ABFB00B3C9F1 /* Supporting Files */,
				3EBAEB5218D4ABFB00B3C9F1 /* Images.xcassets */,
				3EBAEB4918D4ABFB00B3C9F1 /* AppDelegate.h */,
				3EBAEB4A18D4ABFB00B3C9F1 /* AppDelegate.m */,
				3EBAEB4C18D4ABFB00B3C9F1 /* Main.storyboard */,
				3EBAEB4F18D4ABFB00B3C9F1 /* ViewController.h */,
				3EBAEB5018D4ABFB00B3C9F1 /* ViewController.m */,
				3EBAEB7B18D58F4C00B3C9F1 /* ProfileDataSource.h */,
				3EBAEB7C18D58F4C00B3C9F1 /* ProfileDataSource.m */,
				3EBAEB6F18D4ACB300B3C9F1 /* RegistrationViewController.h */,
				3EBAEB7018D4ACB300B3C9F1 /* RegistrationViewController.m */,
				3EBAEB7218D4ACEB00B3C9F1 /* UserHomeViewController.h */,
				3EBAEB7318D4ACEB00B3C9F1 /* UserHomeViewController.m */,
				3EBAEB7518D4B38B00B3C9F1 /* EditProfileViewController.h */,
				3EBAEB7618D4B38B00B3C9F1 /* EditProfileViewController.m */,
				3EBAEB7818D58C7E00B3C9F1 /* ProfileData.h */,
				3EBAEB7918D58C7E00B3C9F1 /* ProfileData.m */,
				3EBAEB7E18D5957D00B3C9F1 /* HTTPClient.h */,
				3EBAEB7F18D5957D00B3C9F1 /* HTTPClient.m */,
				3EBAEB8418D5B49D00B3C9F1 /* ProfileDataSourceProtocol.h */,
				3EBAEB8818D5CC2200B3C9F1 /* ProfileDataJSONParser.h */,
				3EBAEB8918D5CC2200B3C9F1 /* ProfileDataJSONParser.m */,
			);
			path = RestFullClient;
			sourceTree = "<group>";
		};
		3EBAEB4118D4ABFB00B3C9F1 /* Supporting Files */ = {
			isa = PBXGroup;
			children = (
				3EBAEB4218D4ABFB00B3C9F1 /* RestFullClient-Info.plist */,
				3EBAEB4318D4ABFB00B3C9F1 /* InfoPlist.strings */,
				3EBAEB4618D4ABFB00B3C9F1 /* main.m */,
				3EBAEB4818D4ABFB00B3C9F1 /* RestFullClient-Prefix.pch */,
			);
			name = "Supporting Files";
			sourceTree = "<group>";
		};
		3EBAEB5F18D4ABFB00B3C9F1 /* RestFullClientTests */ = {
			isa = PBXGroup;
			children = (
				3EBAEB6518D4ABFB00B3C9F1 /* RestFullClientTests.m */,
				3EBAEB6018D4ABFB00B3C9F1 /* Supporting Files */,
			);
			path = RestFullClientTests;
			sourceTree = "<group>";
		};
		3EBAEB6018D4ABFB00B3C9F1 /* Supporting Files */ = {
			isa = PBXGroup;
			children = (
				3EBAEB6118D4ABFB00B3C9F1 /* RestFullClientTests-Info.plist */,
				3EBAEB6218D4ABFB00B3C9F1 /* InfoPlist.strings */,
			);
			name = "Supporting Files";
			sourceTree = "<group>";
		};
/* End PBXGroup section */

/* Begin PBXNativeTarget section */
		3EBAEB3618D4ABFB00B3C9F1 /* RestFullClient */ = {
			isa = PBXNativeTarget;
			buildConfigurationList = 3EBAEB6918D4ABFB00B3C9F1 /* Build configuration list for PBXNativeTarget "RestFullClient" */;
			buildPhases = (
				3EBAEB3318D4ABFB00B3C9F1 /* Sources */,
				3EBAEB3418D4ABFB00B3C9F1 /* Frameworks */,
				3EBAEB3518D4ABFB00B3C9F1 /* Resources */,
			);
			buildRules = (
			);
			dependencies = (
			);
			name = RestFullClient;
			productName = RestFullClient;
			productReference = 3EBAEB3718D4ABFB00B3C9F1 /* RestFullClient.app */;
			productType = "com.apple.product-type.application";
		};
		3EBAEB5718D4ABFB00B3C9F1 /* RestFullClientTests */ = {
			isa = PBXNativeTarget;
			buildConfigurationList = 3EBAEB6C18D4ABFB00B3C9F1 /* Build configuration list for PBXNativeTarget "RestFullClientTests" */;
			buildPhases = (
				3EBAEB5418D4ABFB00B3C9F1 /* Sources */,
				3EBAEB5518D4ABFB00B3C9F1 /* Frameworks */,
				3EBAEB5618D4ABFB00B3C9F1 /* Resources */,
			);
			buildRules = (
			);
			dependencies = (
				3EBAEB5E18D4ABFB00B3C9F1 /* PBXTargetDependency */,
			);
			name = RestFullClientTests;
			productName = RestFullClientTests;
			productReference = 3EBAEB5818D4ABFB00B3C9F1 /* RestFullClientTests.xctest */;
			productType = "com.apple.product-type.bundle.unit-test";
		};
/* End PBXNativeTarget section */

/* Begin PBXProject section */
		3EBAEB2F18D4ABFB00B3C9F1 /* Project object */ = {
			isa = PBXProject;
			attributes = {
				LastUpgradeCheck = 0510;
				ORGANIZATIONNAME = Anatolii;
				TargetAttributes = {
					3EBAEB5718D4ABFB00B3C9F1 = {
						TestTargetID = 3EBAEB3618D4ABFB00B3C9F1;
					};
				};
			};
			buildConfigurationList = 3EBAEB3218D4ABFB00B3C9F1 /* Build configuration list for PBXProject "RestFullClient" */;
			compatibilityVersion = "Xcode 3.2";
			developmentRegion = English;
			hasScannedForEncodings = 0;
			knownRegions = (
				en,
				Base,
			);
			mainGroup = 3EBAEB2E18D4ABFB00B3C9F1;
			productRefGroup = 3EBAEB3818D4ABFB00B3C9F1 /* Products */;
			projectDirPath = "";
			projectRoot = "";
			targets = (
				3EBAEB3618D4ABFB00B3C9F1 /* RestFullClient */,
				3EBAEB5718D4ABFB00B3C9F1 /* RestFullClientTests */,
			);
		};
/* End PBXProject section */

/* Begin PBXResourcesBuildPhase section */
		3EBAEB3518D4ABFB00B3C9F1 /* Resources */ = {
			isa = PBXResourcesBuildPhase;
			buildActionMask = 2147483647;
			files = (
				3EBAEB5318D4ABFB00B3C9F1 /* Images.xcassets in Resources */,
				3EBAEB4518D4ABFB00B3C9F1 /* InfoPlist.strings in Resources */,
				3EBAEB4E18D4ABFB00B3C9F1 /* Main.storyboard in Resources */,
			);
			runOnlyForDeploymentPostprocessing = 0;
		};
		3EBAEB5618D4ABFB00B3C9F1 /* Resources */ = {
			isa = PBXResourcesBuildPhase;
			buildActionMask = 2147483647;
			files = (
				3EBAEB6418D4ABFB00B3C9F1 /* InfoPlist.strings in Resources */,
			);
			runOnlyForDeploymentPostprocessing = 0;
		};
/* End PBXResourcesBuildPhase section */

/* Begin PBXSourcesBuildPhase section */
		3EBAEB3318D4ABFB00B3C9F1 /* Sources */ = {
			isa = PBXSourcesBuildPhase;
			buildActionMask = 2147483647;
			files = (
				3EBAEB5118D4ABFB00B3C9F1 /* ViewController.m in Sources */,
				3EBAEB7718D4B38B00B3C9F1 /* EditProfileViewController.m in Sources */,
				3EBAEB8018D5957D00B3C9F1 /* HTTPClient.m in Sources */,
				3EBAEB7D18D58F4C00B3C9F1 /* ProfileDataSource.m in Sources */,
				3EBAEB7A18D58C7E00B3C9F1 /* ProfileData.m in Sources */,
				3EBAEB7118D4ACB300B3C9F1 /* RegistrationViewController.m in Sources */,
				3EBAEB4B18D4ABFB00B3C9F1 /* AppDelegate.m in Sources */,
				3EBAEB8A18D5CC2200B3C9F1 /* ProfileDataJSONParser.m in Sources */,
				3EBAEB7418D4ACEB00B3C9F1 /* UserHomeViewController.m in Sources */,
				3EBAEB4718D4ABFB00B3C9F1 /* main.m in Sources */,
			);
			runOnlyForDeploymentPostprocessing = 0;
		};
		3EBAEB5418D4ABFB00B3C9F1 /* Sources */ = {
			isa = PBXSourcesBuildPhase;
			buildActionMask = 2147483647;
			files = (
				3EBAEB6618D4ABFB00B3C9F1 /* RestFullClientTests.m in Sources */,
			);
			runOnlyForDeploymentPostprocessing = 0;
		};
/* End PBXSourcesBuildPhase section */

/* Begin PBXTargetDependency section */
		3EBAEB5E18D4ABFB00B3C9F1 /* PBXTargetDependency */ = {
			isa = PBXTargetDependency;
			target = 3EBAEB3618D4ABFB00B3C9F1 /* RestFullClient */;
			targetProxy = 3EBAEB5D18D4ABFB00B3C9F1 /* PBXContainerItemProxy */;
		};
/* End PBXTargetDependency section */

/* Begin PBXVariantGroup section */
		3EBAEB4318D4ABFB00B3C9F1 /* InfoPlist.strings */ = {
			isa = PBXVariantGroup;
			children = (
				3EBAEB4418D4ABFB00B3C9F1 /* en */,
			);
			name = InfoPlist.strings;
			sourceTree = "<group>";
		};
		3EBAEB4C18D4ABFB00B3C9F1 /* Main.storyboard */ = {
			isa = PBXVariantGroup;
			children = (
				3EBAEB4D18D4ABFB00B3C9F1 /* Base */,
			);
			name = Main.storyboard;
			sourceTree = "<group>";
		};
		3EBAEB6218D4ABFB00B3C9F1 /* InfoPlist.strings */ = {
			isa = PBXVariantGroup;
			children = (
				3EBAEB6318D4ABFB00B3C9F1 /* en */,
			);
			name = InfoPlist.strings;
			sourceTree = "<group>";
		};
/* End PBXVariantGroup section */

/* Begin XCBuildConfiguration section */
		3EBAEB6718D4ABFB00B3C9F1 /* Debug */ = {
			isa = XCBuildConfiguration;
			buildSettings = {
				ALWAYS_SEARCH_USER_PATHS = NO;
				CLANG_CXX_LANGUAGE_STANDARD = "gnu++0x";
				CLANG_CXX_LIBRARY = "libc++";
				CLANG_ENABLE_MODULES = YES;
				CLANG_ENABLE_OBJC_ARC = NO;
				CLANG_WARN_BOOL_CONVERSION = YES;
				CLANG_WARN_CONSTANT_CONVERSION = YES;
				CLANG_WARN_DIRECT_OBJC_ISA_USAGE = YES_ERROR;
				CLANG_WARN_EMPTY_BODY = YES;
				CLANG_WARN_ENUM_CONVERSION = YES;
				CLANG_WARN_INT_CONVERSION = YES;
				CLANG_WARN_OBJC_ROOT_CLASS = YES_ERROR;
				CLANG_WARN__DUPLICATE_METHOD_MATCH = YES;
				"CODE_SIGN_IDENTITY[sdk=iphoneos*]" = "iPhone Developer";
				COPY_PHASE_STRIP = NO;
				GCC_C_LANGUAGE_STANDARD = gnu99;
				GCC_DYNAMIC_NO_PIC = NO;
				GCC_OPTIMIZATION_LEVEL = 0;
				GCC_PREPROCESSOR_DEFINITIONS = (
					"DEBUG=1",
					"$(inherited)",
				);
				GCC_SYMBOLS_PRIVATE_EXTERN = NO;
				GCC_WARN_64_TO_32_BIT_CONVERSION = YES;
				GCC_WARN_ABOUT_RETURN_TYPE = YES_ERROR;
				GCC_WARN_UNDECLARED_SELECTOR = YES;
				GCC_WARN_UNINITIALIZED_AUTOS = YES_AGGRESSIVE;
				GCC_WARN_UNUSED_FUNCTION = YES;
				GCC_WARN_UNUSED_VARIABLE = YES;
				IPHONEOS_DEPLOYMENT_TARGET = 7.1;
				ONLY_ACTIVE_ARCH = YES;
				SDKROOT = iphoneos;
			};
			name = Debug;
		};
		3EBAEB6818D4ABFB00B3C9F1 /* Release */ = {
			isa = XCBuildConfiguration;
			buildSettings = {
				ALWAYS_SEARCH_USER_PATHS = NO;
				CLANG_CXX_LANGUAGE_STANDARD = "gnu++0x";
				CLANG_CXX_LIBRARY = "libc++";
				CLANG_ENABLE_MODULES = YES;
				CLANG_ENABLE_OBJC_ARC = NO;
				CLANG_WARN_BOOL_CONVERSION = YES;
				CLANG_WARN_CONSTANT_CONVERSION = YES;
				CLANG_WARN_DIRECT_OBJC_ISA_USAGE = YES_ERROR;
				CLANG_WARN_EMPTY_BODY = YES;
				CLANG_WARN_ENUM_CONVERSION = YES;
				CLANG_WARN_INT_CONVERSION = YES;
				CLANG_WARN_OBJC_ROOT_CLASS = YES_ERROR;
				CLANG_WARN__DUPLICATE_METHOD_MATCH = YES;
				"CODE_SIGN_IDENTITY[sdk=iphoneos*]" = "iPhone Developer";
				COPY_PHASE_STRIP = YES;
				ENABLE_NS_ASSERTIONS = NO;
				GCC_C_LANGUAGE_STANDARD = gnu99;
				GCC_WARN_64_TO_32_BIT_CONVERSION = YES;
				GCC_WARN_ABOUT_RETURN_TYPE = YES_ERROR;
				GCC_WARN_UNDECLARED_SELECTOR = YES;
				GCC_WARN_UNINITIALIZED_AUTOS = YES_AGGRESSIVE;
				GCC_WARN_UNUSED_FUNCTION = YES;
				GCC_WARN_UNUSED_VARIABLE = YES;
				IPHONEOS_DEPLOYMENT_TARGET = 7.1;
				SDKROOT = iphoneos;
				VALIDATE_PRODUCT = YES;
			};
			name = Release;
		};
		3EBAEB6A18D4ABFB00B3C9F1 /* Debug */ = {
			isa = XCBuildConfiguration;
			buildSettings = {
				ASSETCATALOG_COMPILER_APPICON_NAME = AppIcon;
				ASSETCATALOG_COMPILER_LAUNCHIMAGE_NAME = LaunchImage;
				GCC_PRECOMPILE_PREFIX_HEADER = YES;
				GCC_PREFIX_HEADER = "RestFullClient/RestFullClient-Prefix.pch";
				INFOPLIST_FILE = "RestFullClient/RestFullClient-Info.plist";
				PRODUCT_NAME = "$(TARGET_NAME)";
				WRAPPER_EXTENSION = app;
			};
			name = Debug;
		};
		3EBAEB6B18D4ABFB00B3C9F1 /* Release */ = {
			isa = XCBuildConfiguration;
			buildSettings = {
				ASSETCATALOG_COMPILER_APPICON_NAME = AppIcon;
				ASSETCATALOG_COMPILER_LAUNCHIMAGE_NAME = LaunchImage;
				GCC_PRECOMPILE_PREFIX_HEADER = YES;
				GCC_PREFIX_HEADER = "RestFullClient/RestFullClient-Prefix.pch";
				INFOPLIST_FILE = "RestFullClient/RestFullClient-Info.plist";
				PRODUCT_NAME = "$(TARGET_NAME)";
				WRAPPER_EXTENSION = app;
			};
			name = Release;
		};
		3EBAEB6D18D4ABFB00B3C9F1 /* Debug */ = {
			isa = XCBuildConfiguration;
			buildSettings = {
				BUNDLE_LOADER = "$(BUILT_PRODUCTS_DIR)/RestFullClient.app/RestFullClient";
				FRAMEWORK_SEARCH_PATHS = (
					"$(SDKROOT)/Developer/Library/Frameworks",
					"$(inherited)",
					"$(DEVELOPER_FRAMEWORKS_DIR)",
				);
				GCC_PRECOMPILE_PREFIX_HEADER = YES;
				GCC_PREFIX_HEADER = "RestFullClient/RestFullClient-Prefix.pch";
				GCC_PREPROCESSOR_DEFINITIONS = (
					"DEBUG=1",
					"$(inherited)",
				);
				INFOPLIST_FILE = "RestFullClientTests/RestFullClientTests-Info.plist";
				PRODUCT_NAME = "$(TARGET_NAME)";
				TEST_HOST = "$(BUNDLE_LOADER)";
				WRAPPER_EXTENSION = xctest;
			};
			name = Debug;
		};
		3EBAEB6E18D4ABFB00B3C9F1 /* Release */ = {
			isa = XCBuildConfiguration;
			buildSettings = {
				BUNDLE_LOADER = "$(BUILT_PRODUCTS_DIR)/RestFullClient.app/RestFullClient";
				FRAMEWORK_SEARCH_PATHS = (
					"$(SDKROOT)/Developer/Library/Frameworks",
					"$(inherited)",
					"$(DEVELOPER_FRAMEWORKS_DIR)",
				);
				GCC_PRECOMPILE_PREFIX_HEADER = YES;
				GCC_PREFIX_HEADER = "RestFullClient/RestFullClient-Prefix.pch";
				INFOPLIST_FILE = "RestFullClientTests/RestFullClientTests-Info.plist";
				PRODUCT_NAME = "$(TARGET_NAME)";
				TEST_HOST = "$(BUNDLE_LOADER)";
				WRAPPER_EXTENSION = xctest;
			};
			name = Release;
		};
/* End XCBuildConfiguration section */

/* Begin XCConfigurationList section */
		3EBAEB3218D4ABFB00B3C9F1 /* Build configuration list for PBXProject "RestFullClient" */ = {
			isa = XCConfigurationList;
			buildConfigurations = (
				3EBAEB6718D4ABFB00B3C9F1 /* Debug */,
				3EBAEB6818D4ABFB00B3C9F1 /* Release */,
			);
			defaultConfigurationIsVisible = 0;
			defaultConfigurationName = Release;
		};
		3EBAEB6918D4ABFB00B3C9F1 /* Build configuration list for PBXNativeTarget "RestFullClient" */ = {
			isa = XCConfigurationList;
			buildConfigurations = (
				3EBAEB6A18D4ABFB00B3C9F1 /* Debug */,
				3EBAEB6B18D4ABFB00B3C9F1 /* Release */,
			);
			defaultConfigurationIsVisible = 0;
		};
		3EBAEB6C18D4ABFB00B3C9F1 /* Build configuration list for PBXNativeTarget "RestFullClientTests" */ = {
			isa = XCConfigurationList;
			buildConfigurations = (
				3EBAEB6D18D4ABFB00B3C9F1 /* Debug */,
				3EBAEB6E18D4ABFB00B3C9F1 /* Release */,
			);
			defaultConfigurationIsVisible = 0;
		};
/* End XCConfigurationList section */
	};
	rootObject = 3EBAEB2F18D4ABFB00B3C9F1 /* Project object */;
}
